
Microsoft Visual Studio Solution File, Format Version 12.00
# Visual Studio Version 17
VisualStudioVersion = 17.1.32210.238
MinimumVisualStudioVersion = 10.0.40219.1
Project("{FAE04EC0-301F-11D3-BF4B-00C04F79EFBC}") = "DrawToolsTest", "DrawToolsTest\DrawToolsTest.csproj", "{1441BDD5-2684-476F-AD14-203CF80F8746}"
EndProject
Project("{FAE04EC0-301F-11D3-BF4B-00C04F79EFBC}") = "DrawTools", "DrawTools\DrawTools.csproj", "{43508A02-785A-416B-9845-BB88C7B71C87}"
EndProject
Global
	GlobalSection(SolutionConfigurationPlatforms) = preSolution
		Debug|Any CPU = Debug|Any CPU
		Release|Any CPU = Release|Any CPU
	EndGlobalSection
	GlobalSection(ProjectConfigurationPlatforms) = postSolution
		{1441BDD5-2684-476F-AD14-203CF80F8746}.Debug|Any CPU.ActiveCfg = Debug|Any CPU
		{1441BDD5-2684-476F-AD14-203CF80F8746}.Debug|Any CPU.Build.0 = Debug|Any CPU
		{1441BDD5-2684-476F-AD14-203CF80F8746}.Release|Any CPU.ActiveCfg = Release|Any CPU
		{1441BDD5-2684-476F-AD14-203CF80F8746}.Release|Any CPU.Build.0 = Release|Any CPU
		{43508A02-785A-416B-9845-BB88C7B71C87}.Debug|Any CPU.ActiveCfg = Debug|Any CPU
		{43508A02-785A-416B-9845-BB88C7B71C87}.Debug|Any CPU.Build.0 = Debug|Any CPU
		{43508A02-785A-416B-9845-BB88C7B71C87}.Release|Any CPU.ActiveCfg = Release|Any CPU
		{43508A02-785A-416B-9845-BB88C7B71C87}.Release|Any CPU.Build.0 = Release|Any CPU
	EndGlobalSection
	GlobalSection(SolutionProperties) = preSolution
		HideSolutionNode = FALSE
	EndGlobalSection
	GlobalSection(ExtensibilityGlobals) = postSolution
		SolutionGuid = {CCD3FCD7-E873-4E1B-BA8C-19F87C5D92A0}
	EndGlobalSection
EndGlobal
